// !$*UTF8*$!
{
	archiveVersion = 1;
	classes = {
	};
	objectVersion = 46;
	objects = {

/* Begin PBXBuildFile section */
		F9899B8A1DA3660500F0A4C1 /* main.cpp in Sources */ = {isa = PBXBuildFile; fileRef = F9899B891DA3660500F0A4C1 /* main.cpp */; settings = {COMPILER_FLAGS = "-w"; }; };
		F9899B9C1DA36ED100F0A4C1 /* Cocoa.framework in Frameworks */ = {isa = PBXBuildFile; fileRef = F9899B9B1DA36ED100F0A4C1 /* Cocoa.framework */; };
		F9899B9E1DA36ED900F0A4C1 /* GLUT.framework in Frameworks */ = {isa = PBXBuildFile; fileRef = F9899B9D1DA36ED900F0A4C1 /* GLUT.framework */; };
		F9899BA01DA36EFA00F0A4C1 /* OpenGL.framework in Frameworks */ = {isa = PBXBuildFile; fileRef = F9899B9F1DA36EFA00F0A4C1 /* OpenGL.framework */; };
		F9899BA11DA36FBA00F0A4C1 /* GLUT.framework in Frameworks */ = {isa = PBXBuildFile; fileRef = F9899B9D1DA36ED900F0A4C1 /* GLUT.framework */; };
		F9899BA21DA36FBE00F0A4C1 /* Cocoa.framework in Frameworks */ = {isa = PBXBuildFile; fileRef = F9899B9B1DA36ED100F0A4C1 /* Cocoa.framework */; };
		F9899BA31DA36FC500F0A4C1 /* OpenGL.framework in Frameworks */ = {isa = PBXBuildFile; fileRef = F9899B9F1DA36EFA00F0A4C1 /* OpenGL.framework */; };
/* End PBXBuildFile section */

/* Begin PBXCopyFilesBuildPhase section */
		F9899B841DA3660500F0A4C1 /* CopyFiles */ = {
			isa = PBXCopyFilesBuildPhase;
			buildActionMask = 2147483647;
			dstPath = /usr/share/man/man1/;
			dstSubfolderSpec = 0;
			files = (
			);
			runOnlyForDeploymentPostprocessing = 1;
		};
		F9899B921DA36D2800F0A4C1 /* CopyFiles */ = {
			isa = PBXCopyFilesBuildPhase;
			buildActionMask = 2147483647;
			dstPath = /usr/share/man/man1/;
			dstSubfolderSpec = 0;
			files = (
			);
			runOnlyForDeploymentPostprocessing = 1;
		};
/* End PBXCopyFilesBuildPhase section */

/* Begin PBXFileReference section */
		F9899B861DA3660500F0A4C1 /* sketch */ = {isa = PBXFileReference; explicitFileType = "compiled.mach-o.executable"; includeInIndex = 0; path = sketch; sourceTree = BUILT_PRODUCTS_DIR; };
		F9899B891DA3660500F0A4C1 /* main.cpp */ = {isa = PBXFileReference; lastKnownFileType = sourcecode.cpp.cpp; path = main.cpp; sourceTree = "<group>"; };
		F9899B941DA36D2800F0A4C1 /* sketcha */ = {isa = PBXFileReference; explicitFileType = "compiled.mach-o.executable"; includeInIndex = 0; path = sketcha; sourceTree = BUILT_PRODUCTS_DIR; };
		F9899B9B1DA36ED100F0A4C1 /* Cocoa.framework */ = {isa = PBXFileReference; lastKnownFileType = wrapper.framework; name = Cocoa.framework; path = System/Library/Frameworks/Cocoa.framework; sourceTree = SDKROOT; };
		F9899B9D1DA36ED900F0A4C1 /* GLUT.framework */ = {isa = PBXFileReference; lastKnownFileType = wrapper.framework; name = GLUT.framework; path = System/Library/Frameworks/GLUT.framework; sourceTree = SDKROOT; };
		F9899B9F1DA36EFA00F0A4C1 /* OpenGL.framework */ = {isa = PBXFileReference; lastKnownFileType = wrapper.framework; name = OpenGL.framework; path = System/Library/Frameworks/OpenGL.framework; sourceTree = SDKROOT; };
/* End PBXFileReference section */

/* Begin PBXFrameworksBuildPhase section */
		F9899B831DA3660500F0A4C1 /* Frameworks */ = {
			isa = PBXFrameworksBuildPhase;
			buildActionMask = 2147483647;
			files = (
				F9899BA31DA36FC500F0A4C1 /* OpenGL.framework in Frameworks */,
				F9899BA21DA36FBE00F0A4C1 /* Cocoa.framework in Frameworks */,
				F9899BA11DA36FBA00F0A4C1 /* GLUT.framework in Frameworks */,
			);
			runOnlyForDeploymentPostprocessing = 0;
		};
		F9899B911DA36D2800F0A4C1 /* Frameworks */ = {
			isa = PBXFrameworksBuildPhase;
			buildActionMask = 2147483647;
			files = (
				F9899BA01DA36EFA00F0A4C1 /* OpenGL.framework in Frameworks */,
				F9899B9E1DA36ED900F0A4C1 /* GLUT.framework in Frameworks */,
				F9899B9C1DA36ED100F0A4C1 /* Cocoa.framework in Frameworks */,
			);
			runOnlyForDeploymentPostprocessing = 0;
		};
/* End PBXFrameworksBuildPhase section */

/* Begin PBXGroup section */
		F9899B7D1DA3660500F0A4C1 = {
			isa = PBXGroup;
			children = (
				F9899B9F1DA36EFA00F0A4C1 /* OpenGL.framework */,
				F9899B9D1DA36ED900F0A4C1 /* GLUT.framework */,
				F9899B9B1DA36ED100F0A4C1 /* Cocoa.framework */,
				F9899B881DA3660500F0A4C1 /* sketch */,
				F9899B871DA3660500F0A4C1 /* Products */,
			);
			sourceTree = "<group>";
		};
		F9899B871DA3660500F0A4C1 /* Products */ = {
			isa = PBXGroup;
			children = (
				F9899B861DA3660500F0A4C1 /* sketch */,
				F9899B941DA36D2800F0A4C1 /* sketcha */,
			);
			name = Products;
			sourceTree = "<group>";
		};
		F9899B881DA3660500F0A4C1 /* sketch */ = {
			isa = PBXGroup;
			children = (
				F9899B891DA3660500F0A4C1 /* main.cpp */,
			);
			path = sketch;
			sourceTree = "<group>";
		};
/* End PBXGroup section */

/* Begin PBXNativeTarget section */
		F9899B851DA3660500F0A4C1 /* sketch */ = {
			isa = PBXNativeTarget;
			buildConfigurationList = F9899B8D1DA3660500F0A4C1 /* Build configuration list for PBXNativeTarget "sketch" */;
			buildPhases = (
				F9899B821DA3660500F0A4C1 /* Sources */,
				F9899B831DA3660500F0A4C1 /* Frameworks */,
				F9899B841DA3660500F0A4C1 /* CopyFiles */,
			);
			buildRules = (
			);
			dependencies = (
			);
			name = sketch;
			productName = sketch;
			productReference = F9899B861DA3660500F0A4C1 /* sketch */;
			productType = "com.apple.product-type.tool";
		};
		F9899B931DA36D2800F0A4C1 /* sketcha */ = {
			isa = PBXNativeTarget;
			buildConfigurationList = F9899B9A1DA36D2800F0A4C1 /* Build configuration list for PBXNativeTarget "sketcha" */;
			buildPhases = (
				F9899B901DA36D2800F0A4C1 /* Sources */,
				F9899B911DA36D2800F0A4C1 /* Frameworks */,
				F9899B921DA36D2800F0A4C1 /* CopyFiles */,
			);
			buildRules = (
			);
			dependencies = (
			);
			name = sketcha;
			productName = sketcha;
			productReference = F9899B941DA36D2800F0A4C1 /* sketcha */;
			productType = "com.apple.product-type.tool";
		};
/* End PBXNativeTarget section */

/* Begin PBXProject section */
		F9899B7E1DA3660500F0A4C1 /* Project object */ = {
			isa = PBXProject;
			attributes = {
				LastUpgradeCheck = 0730;
				ORGANIZATIONNAME = "Pranjal Sahu";
				TargetAttributes = {
					F9899B851DA3660500F0A4C1 = {
						CreatedOnToolsVersion = 7.3.1;
					};
					F9899B931DA36D2800F0A4C1 = {
						CreatedOnToolsVersion = 7.3.1;
					};
				};
			};
			buildConfigurationList = F9899B811DA3660500F0A4C1 /* Build configuration list for PBXProject "sketch" */;
			compatibilityVersion = "Xcode 3.2";
			developmentRegion = English;
			hasScannedForEncodings = 0;
			knownRegions = (
				en,
			);
			mainGroup = F9899B7D1DA3660500F0A4C1;
			productRefGroup = F9899B871DA3660500F0A4C1 /* Products */;
			projectDirPath = "";
			projectRoot = "";
			targets = (
				F9899B851DA3660500F0A4C1 /* sketch */,
				F9899B931DA36D2800F0A4C1 /* sketcha */,
			);
		};
/* End PBXProject section */

/* Begin PBXSourcesBuildPhase section */
		F9899B821DA3660500F0A4C1 /* Sources */ = {
			isa = PBXSourcesBuildPhase;
			buildActionMask = 2147483647;
			files = (
				F9899B8A1DA3660500F0A4C1 /* main.cpp in Sources */,
			);
			runOnlyForDeploymentPostprocessing = 0;
		};
		F9899B901DA36D2800F0A4C1 /* Sources */ = {
			isa = PBXSourcesBuildPhase;
			buildActionMask = 2147483647;
			files = (
			);
			runOnlyForDeploymentPostprocessing = 0;
		};
/* End PBXSourcesBuildPhase section */

/* Begin XCBuildConfiguration section */
		F9899B8B1DA3660500F0A4C1 /* Debug */ = {
			isa = XCBuildConfiguration;
			buildSettings = {
				ALWAYS_SEARCH_USER_PATHS = NO;
				CLANG_ANALYZER_NONNULL = YES;
				CLANG_CXX_LANGUAGE_STANDARD = "gnu++0x";
				CLANG_CXX_LIBRARY = "libc++";
				CLANG_ENABLE_MODULES = YES;
				CLANG_ENABLE_OBJC_ARC = YES;
				CLANG_WARN_BOOL_CONVERSION = YES;
				CLANG_WARN_CONSTANT_CONVERSION = YES;
				CLANG_WARN_DIRECT_OBJC_ISA_USAGE = YES_ERROR;
				CLANG_WARN_EMPTY_BODY = YES;
				CLANG_WARN_ENUM_CONVERSION = YES;
				CLANG_WARN_INT_CONVERSION = YES;
				CLANG_WARN_OBJC_ROOT_CLASS = YES_ERROR;
				CLANG_WARN_UNREACHABLE_CODE = YES;
				CLANG_WARN__DUPLICATE_METHOD_MATCH = YES;
				CODE_SIGN_IDENTITY = "-";
				COPY_PHASE_STRIP = NO;
				DEBUG_INFORMATION_FORMAT = dwarf;
				ENABLE_STRICT_OBJC_MSGSEND = YES;
				ENABLE_TESTABILITY = YES;
				GCC_C_LANGUAGE_STANDARD = gnu99;
				GCC_DYNAMIC_NO_PIC = NO;
				GCC_NO_COMMON_BLOCKS = YES;
				GCC_OPTIMIZATION_LEVEL = 0;
				GCC_PREPROCESSOR_DEFINITIONS = (
					"DEBUG=1",
					"$(inherited)",
				);
				GCC_WARN_64_TO_32_BIT_CONVERSION = YES;
				GCC_WARN_ABOUT_RETURN_TYPE = YES_ERROR;
				GCC_WARN_UNDECLARED_SELECTOR = YES;
				GCC_WARN_UNINITIALIZED_AUTOS = YES_AGGRESSIVE;
				GCC_WARN_UNUSED_FUNCTION = YES;
				GCC_WARN_UNUSED_VARIABLE = YES;
				MACOSX_DEPLOYMENT_TARGET = 10.11;
				MTL_ENABLE_DEBUG_INFO = YES;
				ONLY_ACTIVE_ARCH = YES;
				SDKROOT = macosx;
			};
			name = Debug;
		};
		F9899B8C1DA3660500F0A4C1 /* Release */ = {
			isa = XCBuildConfiguration;
			buildSettings = {
				ALWAYS_SEARCH_USER_PATHS = NO;
				CLANG_ANALYZER_NONNULL = YES;
				CLANG_CXX_LANGUAGE_STANDARD = "gnu++0x";
				CLANG_CXX_LIBRARY = "libc++";
				CLANG_ENABLE_MODULES = YES;
				CLANG_ENABLE_OBJC_ARC = YES;
				CLANG_WARN_BOOL_CONVERSION = YES;
				CLANG_WARN_CONSTANT_CONVERSION = YES;
				CLANG_WARN_DIRECT_OBJC_ISA_USAGE = YES_ERROR;
				CLANG_WARN_EMPTY_BODY = YES;
				CLANG_WARN_ENUM_CONVERSION = YES;
				CLANG_WARN_INT_CONVERSION = YES;
				CLANG_WARN_OBJC_ROOT_CLASS = YES_ERROR;
				CLANG_WARN_UNREACHABLE_CODE = YES;
				CLANG_WARN__DUPLICATE_METHOD_MATCH = YES;
				CODE_SIGN_IDENTITY = "-";
				COPY_PHASE_STRIP = NO;
				DEBUG_INFORMATION_FORMAT = "dwarf-with-dsym";
				ENABLE_NS_ASSERTIONS = NO;
				ENABLE_STRICT_OBJC_MSGSEND = YES;
				GCC_C_LANGUAGE_STANDARD = gnu99;
				GCC_NO_COMMON_BLOCKS = YES;
				GCC_WARN_64_TO_32_BIT_CONVERSION = YES;
				GCC_WARN_ABOUT_RETURN_TYPE = YES_ERROR;
				GCC_WARN_UNDECLARED_SELECTOR = YES;
				GCC_WARN_UNINITIALIZED_AUTOS = YES_AGGRESSIVE;
				GCC_WARN_UNUSED_FUNCTION = YES;
				GCC_WARN_UNUSED_VARIABLE = YES;
				MACOSX_DEPLOYMENT_TARGET = 10.11;
				MTL_ENABLE_DEBUG_INFO = NO;
				SDKROOT = macosx;
			};
			name = Release;
		};
		F9899B8E1DA3660500F0A4C1 /* Debug */ = {
			isa = XCBuildConfiguration;
			buildSettings = {
				MACOSX_DEPLOYMENT_TARGET = 10.8;
				PRODUCT_NAME = "$(TARGET_NAME)";
			};
			name = Debug;
		};
		F9899B8F1DA3660500F0A4C1 /* Release */ = {
			isa = XCBuildConfiguration;
			buildSettings = {
				MACOSX_DEPLOYMENT_TARGET = 10.8;
				PRODUCT_NAME = "$(TARGET_NAME)";
			};
			name = Release;
		};
		F9899B981DA36D2800F0A4C1 /* Debug */ = {
			isa = XCBuildConfiguration;
			buildSettings = {
				PRODUCT_NAME = "$(TARGET_NAME)";
			};
			name = Debug;
		};
		F9899B991DA36D2800F0A4C1 /* Release */ = {
			isa = XCBuildConfiguration;
			buildSettings = {
				PRODUCT_NAME = "$(TARGET_NAME)";
			};
			name = Release;
		};
/* End XCBuildConfiguration section */

/* Begin XCConfigurationList section */
		F9899B811DA3660500F0A4C1 /* Build configuration list for PBXProject "sketch" */ = {
			isa = XCConfigurationList;
			buildConfigurations = (
				F9899B8B1DA3660500F0A4C1 /* Debug */,
				F9899B8C1DA3660500F0A4C1 /* Release */,
			);
			defaultConfigurationIsVisible = 0;
			defaultConfigurationName = Release;
		};
		F9899B8D1DA3660500F0A4C1 /* Build configuration list for PBXNativeTarget "sketch" */ = {
			isa = XCConfigurationList;
			buildConfigurations = (
				F9899B8E1DA3660500F0A4C1 /* Debug */,
				F9899B8F1DA3660500F0A4C1 /* Release */,
			);
			defaultConfigurationIsVisible = 0;
			defaultConfigurationName = Release;
		};
		F9899B9A1DA36D2800F0A4C1 /* Build configuration list for PBXNativeTarget "sketcha" */ = {
			isa = XCConfigurationList;
			buildConfigurations = (
				F9899B981DA36D2800F0A4C1 /* Debug */,
				F9899B991DA36D2800F0A4C1 /* Release */,
			);
			defaultConfigurationIsVisible = 0;
		};
/* End XCConfigurationList section */
	};
	rootObject = F9899B7E1DA3660500F0A4C1 /* Project object */;
}
